// !$*UTF8*$!
{
	archiveVersion = 1;
	classes = {
	};
	objectVersion = 56;
	objects = {

/* Begin PBXBuildFile section */
		129755B3D83C574263AD6020 /* AnimatedShareExporter.swift in Sources */ = {isa = PBXBuildFile; fileRef = 85AA50D7506E97110B20E16F /* AnimatedShareExporter.swift */; };
		15D513E5FD6D9380FB5819D4 /* BadviceWidget.appex in Embed Foundation Extensions */ = {isa = PBXBuildFile; fileRef = 0ED4144827DD3BE9366FEAA6 /* BadviceWidget.appex */; settings = {ATTRIBUTES = (RemoveHeadersOnCopy, ); }; };
		2BF026CE4629AB5BD5E11B23 /* StoreKitManager.swift in Sources */ = {isa = PBXBuildFile; fileRef = 1C250B6FD91B852804C06C42 /* StoreKitManager.swift */; };
		526DBFC76B337832997A73F3 /* CollabAdviceView.swift in Sources */ = {isa = PBXBuildFile; fileRef = 08A34A9F8EA5EE91F06CC01C /* CollabAdviceView.swift */; };
		52AD82A6DA1A7B7DA9223525 /* CloudKitSchemaSeeder.swift in Sources */ = {isa = PBXBuildFile; fileRef = F28514E6E10424D2C60C8873 /* CloudKitSchemaSeeder.swift */; };
		52AD82A7DA1A7B7DA9223525 /* CloudKitSchema.swift in Sources */ = {isa = PBXBuildFile; fileRef = F28514E7E10424D2C60C8873 /* CloudKitSchema.swift */; };
		52AD82A8DA1A7B7DA9223525 /* CloudKitSchemaHealthChecker.swift in Sources */ = {isa = PBXBuildFile; fileRef = F28514E8E10424D2C60C8873 /* CloudKitSchemaHealthChecker.swift */; };
		58C6274C9DD58EBDFC00DD56 /* Foundation.framework in Frameworks */ = {isa = PBXBuildFile; fileRef = 89E0183259A65059B4694547 /* Foundation.framework */; };
		5F9DAB6EFBFED341DF9CF1FD /* LocalAuthGateView.swift in Sources */ = {isa = PBXBuildFile; fileRef = 88A8B7BA7C96143E7039C52E /* LocalAuthGateView.swift */; };
		6023FF49F2203A380675F04A /* SwiftUI.framework in Frameworks */ = {isa = PBXBuildFile; fileRef = AA4E285DDB5972C81A405FFA /* SwiftUI.framework */; };
		71EB77B62B215677E29E8766 /* LiveActivityManager.swift in Sources */ = {isa = PBXBuildFile; fileRef = 86C0C112D36AF44AC7271B25 /* LiveActivityManager.swift */; };
		752D7962F4B643C07ADACB3E /* SpotlightManager.swift in Sources */ = {isa = PBXBuildFile; fileRef = 2BAD1019A3BB68796107B331 /* SpotlightManager.swift */; };
		79C4823DAEA721464DE6DB9F /* ActivityFeedView.swift in Sources */ = {isa = PBXBuildFile; fileRef = EB9F9488A0CBEC42F1CA9AE1 /* ActivityFeedView.swift */; };
		81ACEF51ED3C6767E14E7F18 /* ReferralManager.swift in Sources */ = {isa = PBXBuildFile; fileRef = 8E133D8AC6C6A815D53FD37F /* ReferralManager.swift */; };
		849CE4DFFEEE89521945A41D /* OfflinePackCache.swift in Sources */ = {isa = PBXBuildFile; fileRef = 2F152C81A6A99BC970CEE6C3 /* OfflinePackCache.swift */; };
		8FBB37C624DF5072622F2BA2 /* GlobalCommunityFeedView.swift in Sources */ = {isa = PBXBuildFile; fileRef = 1E273C3DA489ED7E3D5D44E0 /* GlobalCommunityFeedView.swift */; };
		91B7F33494FBDFF47FC04141 /* SocialProfileSetupView.swift in Sources */ = {isa = PBXBuildFile; fileRef = 6C98EE3071240A963E2CD94B /* SocialProfileSetupView.swift */; };
		973C67C703EAAFA8D5C94C4D /* SuggestionPipelineView.swift in Sources */ = {isa = PBXBuildFile; fileRef = 2BCEE47F69102E4E4FAC043F /* SuggestionPipelineView.swift */; };
		99BADEF42679E9E97A271378 /* AppSessionViewModel.swift in Sources */ = {isa = PBXBuildFile; fileRef = 53A5EDD883F062B6F7D61AF6 /* AppSessionViewModel.swift */; };
		9B277FB62F8C9E7100ADCE99 /* BadviceStreakActivityWidget.swift in Sources */ = {isa = PBXBuildFile; fileRef = 9B277FB52F8C9E7100ADCE99 /* BadviceStreakActivityWidget.swift */; };
		A10000010000000000000001 /* WorstAdviceApp.swift in Sources */ = {isa = PBXBuildFile; fileRef = A20000010000000000000001 /* WorstAdviceApp.swift */; };
		A10000010000000000000002 /* ContentView.swift in Sources */ = {isa = PBXBuildFile; fileRef = A20000010000000000000002 /* ContentView.swift */; };
		A10000010000000000000003 /* AdviceCardView.swift in Sources */ = {isa = PBXBuildFile; fileRef = A20000010000000000000003 /* AdviceCardView.swift */; };
		A10000010000000000000004 /* IntensityIndicator.swift in Sources */ = {isa = PBXBuildFile; fileRef = A20000010000000000000004 /* IntensityIndicator.swift */; };
		A10000010000000000000005 /* AdviceModels.swift in Sources */ = {isa = PBXBuildFile; fileRef = A20000010000000000000005 /* AdviceModels.swift */; };
		A10000010000000000000006 /* AdviceStore.swift in Sources */ = {isa = PBXBuildFile; fileRef = A20000010000000000000006 /* AdviceStore.swift */; };
		A10000010000000000000007 /* AdviceEngine.swift in Sources */ = {isa = PBXBuildFile; fileRef = A20000010000000000000007 /* AdviceEngine.swift */; };
		A10000010000000000000008 /* AppState.swift in Sources */ = {isa = PBXBuildFile; fileRef = A20000010000000000000008 /* AppState.swift */; };
		A10000010000000000000009 /* Assets.xcassets in Resources */ = {isa = PBXBuildFile; fileRef = A20000010000000000000009 /* Assets.xcassets */; };
		A10000010000000000000010 /* AdviceCorpus.json in Resources */ = {isa = PBXBuildFile; fileRef = A20000010000000000000010 /* AdviceCorpus.json */; };
		A10000010000000000000011 /* AdviceEngineTests.swift in Sources */ = {isa = PBXBuildFile; fileRef = A20000010000000000000011 /* AdviceEngineTests.swift */; };
		A10000010000000000000020 /* Theme.swift in Sources */ = {isa = PBXBuildFile; fileRef = A20000010000000000000020 /* Theme.swift */; };
		A10000010000000000000021 /* HapticsManager.swift in Sources */ = {isa = PBXBuildFile; fileRef = A20000010000000000000021 /* HapticsManager.swift */; };
		A10000010000000000000022 /* FloatingParticlesView.swift in Sources */ = {isa = PBXBuildFile; fileRef = A20000010000000000000022 /* FloatingParticlesView.swift */; };
		A10000010000000000000023 /* InterstitialMessages.swift in Sources */ = {isa = PBXBuildFile; fileRef = A20000010000000000000023 /* InterstitialMessages.swift */; };
		A10000010000000000000024 /* OnboardingView.swift in Sources */ = {isa = PBXBuildFile; fileRef = A20000010000000000000024 /* OnboardingView.swift */; };
		A10000010000000000000025 /* StatsView.swift in Sources */ = {isa = PBXBuildFile; fileRef = A20000010000000000000025 /* StatsView.swift */; };
		A10000010000000000000026 /* OnboardingFlow.swift in Sources */ = {isa = PBXBuildFile; fileRef = A20000010000000000000026 /* OnboardingFlow.swift */; };
		A10000010000000000000027 /* ConfettiView.swift in Sources */ = {isa = PBXBuildFile; fileRef = A20000010000000000000027 /* ConfettiView.swift */; };
		A10000010000000000000030 /* AdaptiveRanker.swift in Sources */ = {isa = PBXBuildFile; fileRef = A20000010000000000000030 /* AdaptiveRanker.swift */; };
		A10000010000000000000031 /* ChaosHubView.swift in Sources */ = {isa = PBXBuildFile; fileRef = A20000010000000000000031 /* ChaosHubView.swift */; };
		A10000010000000000000032 /* Shared/SharedDailyQuoteSource.swift in Sources */ = {isa = PBXBuildFile; fileRef = A20000010000000000000032 /* Shared/SharedDailyQuoteSource.swift */; };
		A10000010000000000000033 /* Shared/SharedDailyQuoteSource.swift in Sources */ = {isa = PBXBuildFile; fileRef = A20000010000000000000032 /* Shared/SharedDailyQuoteSource.swift */; };
		A10000010000000000000034 /* SchemaMigrationManager.swift in Sources */ = {isa = PBXBuildFile; fileRef = A20000010000000000000034 /* SchemaMigrationManager.swift */; };
		A10000010000000000000035 /* Shared/ImageCache.swift in Sources */ = {isa = PBXBuildFile; fileRef = A20000010000000000000035 /* Shared/ImageCache.swift */; };
		A10000010000000000000036 /* PersistenceModels.swift in Sources */ = {isa = PBXBuildFile; fileRef = A20000010000000000000036 /* PersistenceModels.swift */; };
		A10000010000000000000037 /* AdviceRepository.swift in Sources */ = {isa = PBXBuildFile; fileRef = A20000010000000000000037 /* AdviceRepository.swift */; };
		A10000010000000000000038 /* AppleOnDeviceBridge.swift in Sources */ = {isa = PBXBuildFile; fileRef = A20000010000000000000038 /* AppleOnDeviceBridge.swift */; };
		A10000010000000000000039 /* FavoritesViewModel.swift in Sources */ = {isa = PBXBuildFile; fileRef = A20000010000000000000039 /* FavoritesViewModel.swift */; };
		A1000001000000000000003A /* GenerateViewModel.swift in Sources */ = {isa = PBXBuildFile; fileRef = A2000001000000000000003A /* GenerateViewModel.swift */; };
		A1000001000000000000003B /* HistoryViewModel.swift in Sources */ = {isa = PBXBuildFile; fileRef = A2000001000000000000003B /* HistoryViewModel.swift */; };
		A1000001000000000000003C /* QuotesViewModel.swift in Sources */ = {isa = PBXBuildFile; fileRef = A2000001000000000000003C /* QuotesViewModel.swift */; };
		A1000001000000000000003D /* Badvice/State/Social/SocialModels.swift in Sources */ = {isa = PBXBuildFile; fileRef = A2000001000000000000003D /* Badvice/State/Social/SocialModels.swift */; };
		A1000001000000000000003E /* Badvice/State/Social/SocialViewModel.swift in Sources */ = {isa = PBXBuildFile; fileRef = A2000001000000000000003E /* Badvice/State/Social/SocialViewModel.swift */; };
		A1000001000000000000003F /* SettingsViewModel.swift in Sources */ = {isa = PBXBuildFile; fileRef = A2000001000000000000003F /* SettingsViewModel.swift */; };
		A10000010000000000000040 /* ThemeViews.swift in Sources */ = {isa = PBXBuildFile; fileRef = A20000010000000000000040 /* ThemeViews.swift */; };
		A10000010000000000000099 /* PrivacyInfo.xcprivacy in Resources */ = {isa = PBXBuildFile; fileRef = A20000010000000000000099 /* PrivacyInfo.xcprivacy */; };
		A1000002000000000000AA01 /* GenerateTabView.swift in Sources */ = {isa = PBXBuildFile; fileRef = A2000002000000000000AA01 /* GenerateTabView.swift */; };
		A1000002000000000000AA02 /* ToastView.swift in Sources */ = {isa = PBXBuildFile; fileRef = A2000002000000000000AA02 /* ToastView.swift */; };
		A1000002000000000000AA03 /* DeviceCapabilityProfile.swift in Sources */ = {isa = PBXBuildFile; fileRef = A2000002000000000000AA03 /* DeviceCapabilityProfile.swift */; };
		A1000002000000000000AA04 /* AdviceEngine+Vocabulary.swift in Sources */ = {isa = PBXBuildFile; fileRef = A2000002000000000000AA04 /* AdviceEngine+Vocabulary.swift */; };
		A1000002000000000000AA05 /* AdviceBracketView.swift in Sources */ = {isa = PBXBuildFile; fileRef = A2000002000000000000AA05 /* AdviceBracketView.swift */; };
		A1000002000000000000AA06 /* Badvice/Views/ExploreTabView.swift in Sources */ = {isa = PBXBuildFile; fileRef = A2000002000000000000AA06 /* Badvice/Views/ExploreTabView.swift */; };
		A1000002000000000000AA07 /* Badvice/Views/GroupChallengesTabView.swift in Sources */ = {isa = PBXBuildFile; fileRef = A2000002000000000000AA07 /* Badvice/Views/GroupChallengesTabView.swift */; };
		A1000002000000000000AA08 /* ErrorBoundaryView.swift in Sources */ = {isa = PBXBuildFile; fileRef = A2000002000000000000AA08 /* ErrorBoundaryView.swift */; };
		A1000002000000000000BB01 /* AdviceEngineConstants.swift in Sources */ = {isa = PBXBuildFile; fileRef = A2000002000000000000BB01 /* AdviceEngineConstants.swift */; };
		A1000003000000000000BB01 /* LocalAccountStoreTests.swift in Sources */ = {isa = PBXBuildFile; fileRef = A2000003000000000000BB01 /* LocalAccountStoreTests.swift */; };
		A1000003000000000000BB02 /* AppSessionSmokeTests.swift in Sources */ = {isa = PBXBuildFile; fileRef = A2000003000000000000BB02 /* AppSessionSmokeTests.swift */; };
		A1000003000000000000BB03 /* SocialViewModelTests.swift in Sources */ = {isa = PBXBuildFile; fileRef = A2000003000000000000BB03 /* SocialViewModelTests.swift */; };
		A1000003000000000000BB04 /* SettingsViewModelTests.swift in Sources */ = {isa = PBXBuildFile; fileRef = A2000003000000000000BB04 /* SettingsViewModelTests.swift */; };
		A1000003000000000000BB05 /* SuggestionViewModelTests.swift in Sources */ = {isa = PBXBuildFile; fileRef = A2000003000000000000BB05 /* SuggestionViewModelTests.swift */; };
		A1000005000000000000DD01 /* GenerateBrandMenuView.swift in Sources */ = {isa = PBXBuildFile; fileRef = A2000005000000000000DD01 /* GenerateBrandMenuView.swift */; };
		A1000006000000000000EE01 /* FavoritesTabView.swift in Sources */ = {isa = PBXBuildFile; fileRef = A2000006000000000000EE01 /* FavoritesTabView.swift */; };
		A1000006000000000000EE02 /* QuotesTabView.swift in Sources */ = {isa = PBXBuildFile; fileRef = A2000006000000000000EE02 /* QuotesTabView.swift */; };
		A1000006000000000000EE03 /* FriendsTabView.swift in Sources */ = {isa = PBXBuildFile; fileRef = A2000006000000000000EE03 /* FriendsTabView.swift */; };
		A1000006000000000000EE04 /* HistoryTabView.swift in Sources */ = {isa = PBXBuildFile; fileRef = A2000006000000000000EE04 /* HistoryTabView.swift */; };
		A1000007000000000000FF01 /* Shared/ShareKit.swift in Sources */ = {isa = PBXBuildFile; fileRef = A2000007000000000000FF01 /* Shared/ShareKit.swift */; };
		A1000008000000000000CK01 /* Badvice/State/Social/CloudKitStore.swift in Sources */ = {isa = PBXBuildFile; fileRef = A2000008000000000000CK01 /* Badvice/State/Social/CloudKitStore.swift */; };
		A1000009000000000000AM01 /* GamificationModels.swift in Sources */ = {isa = PBXBuildFile; fileRef = A2000009000000000000AM01 /* GamificationModels.swift */; };
		A1000009000000000000AM02 /* AppModels.swift in Sources */ = {isa = PBXBuildFile; fileRef = A2000009000000000000AM02 /* AppModels.swift */; };
		AF00000000000000000010 /* BadviceStreakActivityAttributes.swift in Sources */ = {isa = PBXBuildFile; fileRef = AF00000000000000000011 /* BadviceStreakActivityAttributes.swift */; };
		A100000A0000000000AA10 /* SocialHealthDiagnosticsView.swift in Sources */ = {isa = PBXBuildFile; fileRef = A200000A0000000000AA10 /* SocialHealthDiagnosticsView.swift */; };
		A100000A0000000000AA11 /* SuggestionLabView.swift in Sources */ = {isa = PBXBuildFile; fileRef = A200000A0000000000AA11 /* SuggestionLabView.swift */; };
		A100000A0000000000AA12 /* QuoteSuggestionLabView.swift in Sources */ = {isa = PBXBuildFile; fileRef = A200000A0000000000AA12 /* QuoteSuggestionLabView.swift */; };
		A100000A0000000000AA13 /* CommunityPulseView.swift in Sources */ = {isa = PBXBuildFile; fileRef = A200000A0000000000AA13 /* CommunityPulseView.swift */; };
		A100000A0000000000AA14 /* UpgradeStoreView.swift in Sources */ = {isa = PBXBuildFile; fileRef = A200000A0000000000AA14 /* UpgradeStoreView.swift */; };
		A100000A0000000000AA15 /* InviteFriendsView.swift in Sources */ = {isa = PBXBuildFile; fileRef = A200000A0000000000AA15 /* InviteFriendsView.swift */; };
		A100000A0000000000AA16 /* OfflinePacksView.swift in Sources */ = {isa = PBXBuildFile; fileRef = A200000A0000000000AA16 /* OfflinePacksView.swift */; };
		A100000B000000000000LM01 /* LocalModelStore.swift in Sources */ = {isa = PBXBuildFile; fileRef = A200000B000000000000LM01 /* LocalModelStore.swift */; };
		A100000C000000000000AS01 /* AdviceStoreDefaults.swift in Sources */ = {isa = PBXBuildFile; fileRef = A200000C000000000000AS01 /* AdviceStoreDefaults.swift */; };
		A20000010000000000000028 /* SplashView.swift in Sources */ = {isa = PBXBuildFile; fileRef = A10000010000000000000028 /* SplashView.swift */; };
		A20000010000000000000029 /* NotificationManager.swift in Sources */ = {isa = PBXBuildFile; fileRef = A10000010000000000000029 /* NotificationManager.swift */; };
		A970A1DC8B4EEEDDF0DEC44A /* AchievementsView.swift in Sources */ = {isa = PBXBuildFile; fileRef = 56D0F9A0F33FC44CE7FFD0B9 /* AchievementsView.swift */; };
		B07D78E07800DE9F6C60ABAF /* WorstAdviceWidgetBundle.swift in Sources */ = {isa = PBXBuildFile; fileRef = 483627CFD355C31E4D420824 /* WorstAdviceWidgetBundle.swift */; };
		B2000003000000000000CB02 /* CloudKitSchemaTests.swift in Sources */ = {isa = PBXBuildFile; fileRef = B2000003000000000000CB01 /* CloudKitSchemaTests.swift */; };
		B3000003000000000000SR01 /* SocialRegressionTests.swift in Sources */ = {isa = PBXBuildFile; fileRef = B3000003000000000000SR02 /* SocialRegressionTests.swift */; };
		BL0000010000000000000001 /* BadviceLockScreenWidget.swift in Sources */ = {isa = PBXBuildFile; fileRef = BL0000020000000000000001 /* BadviceLockScreenWidget.swift */; };
		C285D7C82E780E2D147DA18C /* WidgetKit.framework in Frameworks */ = {isa = PBXBuildFile; fileRef = E2C35747C3F426FECEBC093F /* WidgetKit.framework */; };
		C82E5EADB60BABE95E14B274 /* ShakeDetector.swift in Sources */ = {isa = PBXBuildFile; fileRef = BB19BBE9BB80D1CFBE9CB824 /* ShakeDetector.swift */; };
		CC7C2D8BC35FCFF69C567086 /* LocalAuth.swift in Sources */ = {isa = PBXBuildFile; fileRef = 537EABC7909023C6B45AAB4F /* LocalAuth.swift */; };
		D10000010000000000000001 /* BadviceUITests.swift in Sources */ = {isa = PBXBuildFile; fileRef = D20000010000000000000001 /* BadviceUITests.swift */; };
		D10000020000000000000001 /* BadviceFullSmokeTests.swift in Sources */ = {isa = PBXBuildFile; fileRef = D20000020000000000000001 /* BadviceFullSmokeTests.swift */; };
		D10000030000000000000001 /* BadvicePolishedSmokeTests.swift in Sources */ = {isa = PBXBuildFile; fileRef = D20000030000000000000001 /* BadvicePolishedSmokeTests.swift */; };
		D10000040000000000000001 /* BadviceSocialDiagnosticsSmokeTests.swift in Sources */ = {isa = PBXBuildFile; fileRef = D20000040000000000000001 /* BadviceSocialDiagnosticsSmokeTests.swift */; };
		D10000050000000000000001 /* BadviceShippingReadinessTests.swift in Sources */ = {isa = PBXBuildFile; fileRef = D20000050000000000000001 /* BadviceShippingReadinessTests.swift */; };
		F583507E5A045C5780BC1B36 /* Shared/NetworkMonitor.swift in Sources */ = {isa = PBXBuildFile; fileRef = 7CCF16D47C5CD16BA42173EC /* Shared/NetworkMonitor.swift */; };
		F67E4DFCBEDF98A26BE99151 /* WorstAdviceQuoteWidget.swift in Sources */ = {isa = PBXBuildFile; fileRef = 2852BC2A6024C1FC29AAFEB6 /* WorstAdviceQuoteWidget.swift */; };
/* End PBXBuildFile section */

/* Begin PBXContainerItemProxy section */
		A1EB4F08F7AC67C9F5C8D237 /* PBXContainerItemProxy */ = {
			isa = PBXContainerItemProxy;
			containerPortal = A50000010000000000000001 /* Project object */;
			proxyType = 1;
			remoteGlobalIDString = 520AF678E5FABB1F9BBFB4CB;
			remoteInfo = WorstAdviceWidget;
		};
		A30000010000000000000001 /* PBXContainerItemProxy */ = {
			isa = PBXContainerItemProxy;
			containerPortal = A50000010000000000000001 /* Project object */;
			proxyType = 1;
			remoteGlobalIDString = A40000010000000000000001;
			remoteInfo = WorstAdvice;
		};
		D30000010000000000000001 /* PBXContainerItemProxy */ = {
			isa = PBXContainerItemProxy;
			containerPortal = A50000010000000000000001 /* Project object */;
			proxyType = 1;
			remoteGlobalIDString = A40000010000000000000001;
			remoteInfo = Badvice;
		};
/* End PBXContainerItemProxy section */

/* Begin PBXCopyFilesBuildPhase section */
		A2804759C89612E04790A6CF /* Embed Foundation Extensions */ = {
			isa = PBXCopyFilesBuildPhase;
			buildActionMask = 2147483647;
			dstPath = "";
			dstSubfolderSpec = 13;
			files = (
				15D513E5FD6D9380FB5819D4 /* BadviceWidget.appex in Embed Foundation Extensions */,
			);
			name = "Embed Foundation Extensions";
			runOnlyForDeploymentPostprocessing = 0;
		};
/* End PBXCopyFilesBuildPhase section */

/* Begin PBXFileReference section */
		08A34A9F8EA5EE91F06CC01C /* CollabAdviceView.swift */ = {isa = PBXFileReference; includeInIndex = 1; lastKnownFileType = sourcecode.swift; path = CollabAdviceView.swift; sourceTree = "<group>"; };
		0ED4144827DD3BE9366FEAA6 /* BadviceWidget.appex */ = {isa = PBXFileReference; explicitFileType = "wrapper.app-extension"; includeInIndex = 0; path = BadviceWidget.appex; sourceTree = BUILT_PRODUCTS_DIR; };
		1C250B6FD91B852804C06C42 /* StoreKitManager.swift */ = {isa = PBXFileReference; includeInIndex = 1; lastKnownFileType = sourcecode.swift; path = StoreKitManager.swift; sourceTree = "<group>"; };
		1E273C3DA489ED7E3D5D44E0 /* GlobalCommunityFeedView.swift */ = {isa = PBXFileReference; includeInIndex = 1; lastKnownFileType = sourcecode.swift; path = GlobalCommunityFeedView.swift; sourceTree = "<group>"; };
		2852BC2A6024C1FC29AAFEB6 /* WorstAdviceQuoteWidget.swift */ = {isa = PBXFileReference; includeInIndex = 1; lastKnownFileType = sourcecode.swift; name = WorstAdviceQuoteWidget.swift; path = WorstAdviceWidget/WorstAdviceQuoteWidget.swift; sourceTree = "<group>"; };
		2BAD1019A3BB68796107B331 /* SpotlightManager.swift */ = {isa = PBXFileReference; includeInIndex = 1; lastKnownFileType = sourcecode.swift; path = SpotlightManager.swift; sourceTree = "<group>"; };
		2BCEE47F69102E4E4FAC043F /* SuggestionPipelineView.swift */ = {isa = PBXFileReference; includeInIndex = 1; lastKnownFileType = sourcecode.swift; path = SuggestionPipelineView.swift; sourceTree = "<group>"; };
		2F152C81A6A99BC970CEE6C3 /* OfflinePackCache.swift */ = {isa = PBXFileReference; includeInIndex = 1; lastKnownFileType = sourcecode.swift; path = OfflinePackCache.swift; sourceTree = "<group>"; };
		483627CFD355C31E4D420824 /* WorstAdviceWidgetBundle.swift */ = {isa = PBXFileReference; includeInIndex = 1; lastKnownFileType = sourcecode.swift; name = WorstAdviceWidgetBundle.swift; path = WorstAdviceWidget/WorstAdviceWidgetBundle.swift; sourceTree = "<group>"; };
		537EABC7909023C6B45AAB4F /* LocalAuth.swift */ = {isa = PBXFileReference; includeInIndex = 1; lastKnownFileType = sourcecode.swift; path = LocalAuth.swift; sourceTree = "<group>"; };
		53A5EDD883F062B6F7D61AF6 /* AppSessionViewModel.swift */ = {isa = PBXFileReference; includeInIndex = 1; lastKnownFileType = sourcecode.swift; path = AppSessionViewModel.swift; sourceTree = "<group>"; };
		56D0F9A0F33FC44CE7FFD0B9 /* AchievementsView.swift */ = {isa = PBXFileReference; includeInIndex = 1; lastKnownFileType = sourcecode.swift; name = AchievementsView.swift; path = Badvice/Views/AchievementsView.swift; sourceTree = "<group>"; };
		6C98EE3071240A963E2CD94B /* SocialProfileSetupView.swift */ = {isa = PBXFileReference; includeInIndex = 1; lastKnownFileType = sourcecode.swift; path = SocialProfileSetupView.swift; sourceTree = "<group>"; };
		7CCF16D47C5CD16BA42173EC /* Shared/NetworkMonitor.swift */ = {isa = PBXFileReference; includeInIndex = 1; lastKnownFileType = sourcecode.swift; path = Shared/NetworkMonitor.swift; sourceTree = "<group>"; };
		85AA50D7506E97110B20E16F /* AnimatedShareExporter.swift */ = {isa = PBXFileReference; includeInIndex = 1; lastKnownFileType = sourcecode.swift; path = AnimatedShareExporter.swift; sourceTree = "<group>"; };
		86C0C112D36AF44AC7271B25 /* LiveActivityManager.swift */ = {isa = PBXFileReference; includeInIndex = 1; lastKnownFileType = sourcecode.swift; path = LiveActivityManager.swift; sourceTree = "<group>"; };
		88A8B7BA7C96143E7039C52E /* LocalAuthGateView.swift */ = {isa = PBXFileReference; includeInIndex = 1; lastKnownFileType = sourcecode.swift; path = LocalAuthGateView.swift; sourceTree = "<group>"; };
		89E0183259A65059B4694547 /* Foundation.framework */ = {isa = PBXFileReference; lastKnownFileType = wrapper.framework; name = Foundation.framework; path = Platforms/iPhoneOS.platform/Developer/SDKs/iPhoneOS18.0.sdk/System/Library/Frameworks/Foundation.framework; sourceTree = DEVELOPER_DIR; };
		8E133D8AC6C6A815D53FD37F /* ReferralManager.swift */ = {isa = PBXFileReference; includeInIndex = 1; lastKnownFileType = sourcecode.swift; path = ReferralManager.swift; sourceTree = "<group>"; };
		9B277FB52F8C9E7100ADCE99 /* BadviceStreakActivityWidget.swift */ = {isa = PBXFileReference; lastKnownFileType = sourcecode.swift; path = BadviceStreakActivityWidget.swift; sourceTree = "<group>"; };
		A10000010000000000000028 /* SplashView.swift */ = {isa = PBXFileReference; lastKnownFileType = sourcecode.swift; path = SplashView.swift; sourceTree = "<group>"; };
		A10000010000000000000029 /* NotificationManager.swift */ = {isa = PBXFileReference; lastKnownFileType = sourcecode.swift; path = NotificationManager.swift; sourceTree = "<group>"; };
		A20000010000000000000001 /* WorstAdviceApp.swift */ = {isa = PBXFileReference; lastKnownFileType = sourcecode.swift; path = WorstAdviceApp.swift; sourceTree = "<group>"; };
		A20000010000000000000002 /* ContentView.swift */ = {isa = PBXFileReference; lastKnownFileType = sourcecode.swift; path = ContentView.swift; sourceTree = "<group>"; };
		A20000010000000000000003 /* AdviceCardView.swift */ = {isa = PBXFileReference; lastKnownFileType = sourcecode.swift; path = AdviceCardView.swift; sourceTree = "<group>"; };
		A20000010000000000000004 /* IntensityIndicator.swift */ = {isa = PBXFileReference; lastKnownFileType = sourcecode.swift; path = IntensityIndicator.swift; sourceTree = "<group>"; };
		A20000010000000000000005 /* AdviceModels.swift */ = {isa = PBXFileReference; lastKnownFileType = sourcecode.swift; path = AdviceModels.swift; sourceTree = "<group>"; };
		A20000010000000000000006 /* AdviceStore.swift */ = {isa = PBXFileReference; lastKnownFileType = sourcecode.swift; path = AdviceStore.swift; sourceTree = "<group>"; };
		A20000010000000000000007 /* AdviceEngine.swift */ = {isa = PBXFileReference; lastKnownFileType = sourcecode.swift; path = AdviceEngine.swift; sourceTree = "<group>"; };
		A20000010000000000000008 /* AppState.swift */ = {isa = PBXFileReference; lastKnownFileType = sourcecode.swift; path = AppState.swift; sourceTree = "<group>"; };
		A20000010000000000000009 /* Assets.xcassets */ = {isa = PBXFileReference; lastKnownFileType = folder.assetcatalog; path = Assets.xcassets; sourceTree = "<group>"; };
		A20000010000000000000010 /* AdviceCorpus.json */ = {isa = PBXFileReference; lastKnownFileType = text.json; path = AdviceCorpus.json; sourceTree = "<group>"; };
		A20000010000000000000011 /* AdviceEngineTests.swift */ = {isa = PBXFileReference; lastKnownFileType = sourcecode.swift; path = AdviceEngineTests.swift; sourceTree = "<group>"; };
		A20000010000000000000012 /* Badvice.app */ = {isa = PBXFileReference; explicitFileType = wrapper.application; includeInIndex = 0; path = Badvice.app; sourceTree = BUILT_PRODUCTS_DIR; };
		A20000010000000000000013 /* BadviceTests.xctest */ = {isa = PBXFileReference; explicitFileType = wrapper.cfbundle; includeInIndex = 0; path = BadviceTests.xctest; sourceTree = BUILT_PRODUCTS_DIR; };
		A20000010000000000000020 /* Theme.swift */ = {isa = PBXFileReference; lastKnownFileType = sourcecode.swift; path = Theme.swift; sourceTree = "<group>"; };
		A20000010000000000000021 /* HapticsManager.swift */ = {isa = PBXFileReference; lastKnownFileType = sourcecode.swift; path = HapticsManager.swift; sourceTree = "<group>"; };
		A20000010000000000000022 /* FloatingParticlesView.swift */ = {isa = PBXFileReference; lastKnownFileType = sourcecode.swift; path = FloatingParticlesView.swift; sourceTree = "<group>"; };
		A20000010000000000000023 /* InterstitialMessages.swift */ = {isa = PBXFileReference; lastKnownFileType = sourcecode.swift; path = InterstitialMessages.swift; sourceTree = "<group>"; };
		A20000010000000000000024 /* OnboardingView.swift */ = {isa = PBXFileReference; lastKnownFileType = sourcecode.swift; path = OnboardingView.swift; sourceTree = "<group>"; };
		A20000010000000000000025 /* StatsView.swift */ = {isa = PBXFileReference; lastKnownFileType = sourcecode.swift; path = StatsView.swift; sourceTree = "<group>"; };
		A20000010000000000000026 /* OnboardingFlow.swift */ = {isa = PBXFileReference; lastKnownFileType = sourcecode.swift; path = OnboardingFlow.swift; sourceTree = "<group>"; };
		A20000010000000000000027 /* ConfettiView.swift */ = {isa = PBXFileReference; lastKnownFileType = sourcecode.swift; path = ConfettiView.swift; sourceTree = "<group>"; };
		A20000010000000000000030 /* AdaptiveRanker.swift */ = {isa = PBXFileReference; lastKnownFileType = sourcecode.swift; path = AdaptiveRanker.swift; sourceTree = "<group>"; };
		A20000010000000000000031 /* ChaosHubView.swift */ = {isa = PBXFileReference; lastKnownFileType = sourcecode.swift; path = ChaosHubView.swift; sourceTree = "<group>"; };
		A20000010000000000000032 /* Shared/SharedDailyQuoteSource.swift */ = {isa = PBXFileReference; lastKnownFileType = sourcecode.swift; path = Shared/SharedDailyQuoteSource.swift; sourceTree = "<group>"; };
		A20000010000000000000034 /* SchemaMigrationManager.swift */ = {isa = PBXFileReference; lastKnownFileType = sourcecode.swift; path = SchemaMigrationManager.swift; sourceTree = "<group>"; };
		A20000010000000000000035 /* Shared/ImageCache.swift */ = {isa = PBXFileReference; lastKnownFileType = sourcecode.swift; path = Shared/ImageCache.swift; sourceTree = "<group>"; };
		A20000010000000000000036 /* PersistenceModels.swift */ = {isa = PBXFileReference; lastKnownFileType = sourcecode.swift; path = PersistenceModels.swift; sourceTree = "<group>"; };
		A20000010000000000000037 /* AdviceRepository.swift */ = {isa = PBXFileReference; lastKnownFileType = sourcecode.swift; path = AdviceRepository.swift; sourceTree = "<group>"; };
		A20000010000000000000038 /* AppleOnDeviceBridge.swift */ = {isa = PBXFileReference; lastKnownFileType = sourcecode.swift; path = AppleOnDeviceBridge.swift; sourceTree = "<group>"; };
		A20000010000000000000039 /* FavoritesViewModel.swift */ = {isa = PBXFileReference; lastKnownFileType = sourcecode.swift; path = FavoritesViewModel.swift; sourceTree = "<group>"; };
		A2000001000000000000003A /* GenerateViewModel.swift */ = {isa = PBXFileReference; lastKnownFileType = sourcecode.swift; path = GenerateViewModel.swift; sourceTree = "<group>"; };
		A2000001000000000000003B /* HistoryViewModel.swift */ = {isa = PBXFileReference; lastKnownFileType = sourcecode.swift; path = HistoryViewModel.swift; sourceTree = "<group>"; };
		A2000001000000000000003C /* QuotesViewModel.swift */ = {isa = PBXFileReference; lastKnownFileType = sourcecode.swift; path = QuotesViewModel.swift; sourceTree = "<group>"; };
		A2000001000000000000003D /* Badvice/State/Social/SocialModels.swift */ = {isa = PBXFileReference; lastKnownFileType = sourcecode.swift; path = Badvice/State/Social/SocialModels.swift; sourceTree = SOURCE_ROOT; };
		A2000001000000000000003E /* Badvice/State/Social/SocialViewModel.swift */ = {isa = PBXFileReference; lastKnownFileType = sourcecode.swift; path = Badvice/State/Social/SocialViewModel.swift; sourceTree = SOURCE_ROOT; };
		A2000001000000000000003F /* SettingsViewModel.swift */ = {isa = PBXFileReference; lastKnownFileType = sourcecode.swift; path = SettingsViewModel.swift; sourceTree = "<group>"; };
		A20000010000000000000040 /* ThemeViews.swift */ = {isa = PBXFileReference; lastKnownFileType = sourcecode.swift; path = ThemeViews.swift; sourceTree = "<group>"; };
		A20000010000000000000099 /* PrivacyInfo.xcprivacy */ = {isa = PBXFileReference; lastKnownFileType = text.xml; path = PrivacyInfo.xcprivacy; sourceTree = "<group>"; };
		A2000002000000000000AA01 /* GenerateTabView.swift */ = {isa = PBXFileReference; lastKnownFileType = sourcecode.swift; path = GenerateTabView.swift; sourceTree = "<group>"; };
		A2000002000000000000AA02 /* ToastView.swift */ = {isa = PBXFileReference; lastKnownFileType = sourcecode.swift; path = ToastView.swift; sourceTree = "<group>"; };
		A2000002000000000000AA03 /* DeviceCapabilityProfile.swift */ = {isa = PBXFileReference; lastKnownFileType = sourcecode.swift; path = DeviceCapabilityProfile.swift; sourceTree = "<group>"; };
		A2000002000000000000AA04 /* AdviceEngine+Vocabulary.swift */ = {isa = PBXFileReference; lastKnownFileType = sourcecode.swift; path = "AdviceEngine+Vocabulary.swift"; sourceTree = "<group>"; };
		A2000002000000000000AA05 /* AdviceBracketView.swift */ = {isa = PBXFileReference; lastKnownFileType = sourcecode.swift; path = AdviceBracketView.swift; sourceTree = "<group>"; };
		A2000002000000000000AA06 /* Badvice/Views/ExploreTabView.swift */ = {isa = PBXFileReference; lastKnownFileType = sourcecode.swift; path = Badvice/Views/ExploreTabView.swift; sourceTree = "<group>"; };
		A2000002000000000000AA07 /* Badvice/Views/GroupChallengesTabView.swift */ = {isa = PBXFileReference; lastKnownFileType = sourcecode.swift; path = Badvice/Views/GroupChallengesTabView.swift; sourceTree = "<group>"; };
		A2000002000000000000AA08 /* ErrorBoundaryView.swift */ = {isa = PBXFileReference; lastKnownFileType = sourcecode.swift; path = ErrorBoundaryView.swift; sourceTree = "<group>"; };
		A2000002000000000000BB01 /* AdviceEngineConstants.swift */ = {isa = PBXFileReference; lastKnownFileType = sourcecode.swift; path = AdviceEngineConstants.swift; sourceTree = "<group>"; };
		A2000003000000000000BB01 /* LocalAccountStoreTests.swift */ = {isa = PBXFileReference; lastKnownFileType = sourcecode.swift; path = LocalAccountStoreTests.swift; sourceTree = "<group>"; };
		A2000003000000000000BB02 /* AppSessionSmokeTests.swift */ = {isa = PBXFileReference; lastKnownFileType = sourcecode.swift; path = AppSessionSmokeTests.swift; sourceTree = "<group>"; };
		A2000003000000000000BB03 /* SocialViewModelTests.swift */ = {isa = PBXFileReference; lastKnownFileType = sourcecode.swift; path = SocialViewModelTests.swift; sourceTree = "<group>"; };
		A2000003000000000000BB04 /* SettingsViewModelTests.swift */ = {isa = PBXFileReference; lastKnownFileType = sourcecode.swift; path = SettingsViewModelTests.swift; sourceTree = "<group>"; };
		A2000003000000000000BB05 /* SuggestionViewModelTests.swift */ = {isa = PBXFileReference; lastKnownFileType = sourcecode.swift; path = SuggestionViewModelTests.swift; sourceTree = "<group>"; };
		B3000003000000000000SR02 /* SocialRegressionTests.swift */ = {isa = PBXFileReference; lastKnownFileType = sourcecode.swift; path = SocialRegressionTests.swift; sourceTree = "<group>"; };
		A2000005000000000000DD01 /* GenerateBrandMenuView.swift */ = {isa = PBXFileReference; lastKnownFileType = sourcecode.swift; path = GenerateBrandMenuView.swift; sourceTree = "<group>"; };
		A2000006000000000000EE01 /* FavoritesTabView.swift */ = {isa = PBXFileReference; lastKnownFileType = sourcecode.swift; path = FavoritesTabView.swift; sourceTree = "<group>"; };
		A2000006000000000000EE02 /* QuotesTabView.swift */ = {isa = PBXFileReference; lastKnownFileType = sourcecode.swift; path = QuotesTabView.swift; sourceTree = "<group>"; };
		A2000006000000000000EE03 /* FriendsTabView.swift */ = {isa = PBXFileReference; lastKnownFileType = sourcecode.swift; path = FriendsTabView.swift; sourceTree = "<group>"; };
		A2000006000000000000EE04 /* HistoryTabView.swift */ = {isa = PBXFileReference; lastKnownFileType = sourcecode.swift; path = HistoryTabView.swift; sourceTree = "<group>"; };
		A2000007000000000000FF01 /* Shared/ShareKit.swift */ = {isa = PBXFileReference; lastKnownFileType = sourcecode.swift; path = Shared/ShareKit.swift; sourceTree = "<group>"; };
		A2000008000000000000CK01 /* Badvice/State/Social/CloudKitStore.swift */ = {isa = PBXFileReference; lastKnownFileType = sourcecode.swift; path = Badvice/State/Social/CloudKitStore.swift; sourceTree = SOURCE_ROOT; };
		A2000009000000000000AM01 /* GamificationModels.swift */ = {isa = PBXFileReference; lastKnownFileType = sourcecode.swift; path = GamificationModels.swift; sourceTree = "<group>"; };
		A2000009000000000000AM02 /* AppModels.swift */ = {isa = PBXFileReference; lastKnownFileType = sourcecode.swift; path = AppModels.swift; sourceTree = "<group>"; };
		AF00000000000000000011 /* Badvice/Shared/BadviceStreakActivityAttributes.swift */ = {isa = PBXFileReference; lastKnownFileType = sourcecode.swift; path = Shared/BadviceStreakActivityAttributes.swift; sourceTree = "<group>"; };
		A200000A0000000000AA10 /* SocialHealthDiagnosticsView.swift */ = {isa = PBXFileReference; lastKnownFileType = sourcecode.swift; path = SocialHealthDiagnosticsView.swift; sourceTree = "<group>"; };
		A200000A0000000000AA11 /* SuggestionLabView.swift */ = {isa = PBXFileReference; lastKnownFileType = sourcecode.swift; path = SuggestionLabView.swift; sourceTree = "<group>"; };
		A200000A0000000000AA12 /* QuoteSuggestionLabView.swift */ = {isa = PBXFileReference; lastKnownFileType = sourcecode.swift; path = QuoteSuggestionLabView.swift; sourceTree = "<group>"; };
		A200000A0000000000AA13 /* CommunityPulseView.swift */ = {isa = PBXFileReference; lastKnownFileType = sourcecode.swift; path = CommunityPulseView.swift; sourceTree = "<group>"; };
		A200000A0000000000AA14 /* UpgradeStoreView.swift */ = {isa = PBXFileReference; lastKnownFileType = sourcecode.swift; path = UpgradeStoreView.swift; sourceTree = "<group>"; };
		A200000A0000000000AA15 /* InviteFriendsView.swift */ = {isa = PBXFileReference; lastKnownFileType = sourcecode.swift; path = InviteFriendsView.swift; sourceTree = "<group>"; };
		A200000A0000000000AA16 /* OfflinePacksView.swift */ = {isa = PBXFileReference; lastKnownFileType = sourcecode.swift; path = OfflinePacksView.swift; sourceTree = "<group>"; };
		A200000B000000000000LM01 /* LocalModelStore.swift */ = {isa = PBXFileReference; lastKnownFileType = sourcecode.swift; path = LocalModelStore.swift; sourceTree = "<group>"; };
		A200000C000000000000AS01 /* AdviceStoreDefaults.swift */ = {isa = PBXFileReference; lastKnownFileType = sourcecode.swift; path = AdviceStoreDefaults.swift; sourceTree = "<group>"; };
		AA4E285DDB5972C81A405FFA /* SwiftUI.framework */ = {isa = PBXFileReference; lastKnownFileType = wrapper.framework; name = SwiftUI.framework; path = System/Library/Frameworks/SwiftUI.framework; sourceTree = "<group>"; };
		B2000003000000000000CB01 /* CloudKitSchemaTests.swift */ = {isa = PBXFileReference; lastKnownFileType = sourcecode.swift; path = CloudKitSchemaTests.swift; sourceTree = "<group>"; };
		BB19BBE9BB80D1CFBE9CB824 /* ShakeDetector.swift */ = {isa = PBXFileReference; includeInIndex = 1; lastKnownFileType = sourcecode.swift; name = ShakeDetector.swift; path = Badvice/Shared/ShakeDetector.swift; sourceTree = "<group>"; };
		BL0000020000000000000001 /* BadviceLockScreenWidget.swift */ = {isa = PBXFileReference; includeInIndex = 1; lastKnownFileType = sourcecode.swift; name = BadviceLockScreenWidget.swift; path = WorstAdviceWidget/BadviceLockScreenWidget.swift; sourceTree = "<group>"; };
		D20000010000000000000001 /* BadviceUITests.swift */ = {isa = PBXFileReference; lastKnownFileType = sourcecode.swift; path = BadviceUITests.swift; sourceTree = "<group>"; };
		D20000010000000000000002 /* BadviceUITests.xctest */ = {isa = PBXFileReference; explicitFileType = wrapper.cfbundle; includeInIndex = 0; path = BadviceUITests.xctest; sourceTree = BUILT_PRODUCTS_DIR; };
		D20000020000000000000001 /* BadviceFullSmokeTests.swift */ = {isa = PBXFileReference; lastKnownFileType = sourcecode.swift; path = BadviceFullSmokeTests.swift; sourceTree = "<group>"; };
		D20000030000000000000001 /* BadvicePolishedSmokeTests.swift */ = {isa = PBXFileReference; lastKnownFileType = sourcecode.swift; path = BadvicePolishedSmokeTests.swift; sourceTree = "<group>"; };
		D20000040000000000000001 /* BadviceSocialDiagnosticsSmokeTests.swift */ = {isa = PBXFileReference; lastKnownFileType = sourcecode.swift; path = BadviceSocialDiagnosticsSmokeTests.swift; sourceTree = "<group>"; };
		D20000050000000000000001 /* BadviceShippingReadinessTests.swift */ = {isa = PBXFileReference; lastKnownFileType = sourcecode.swift; path = BadviceShippingReadinessTests.swift; sourceTree = "<group>"; };
		E2C35747C3F426FECEBC093F /* WidgetKit.framework */ = {isa = PBXFileReference; lastKnownFileType = wrapper.framework; name = WidgetKit.framework; path = System/Library/Frameworks/WidgetKit.framework; sourceTree = "<group>"; };
		EB9F9488A0CBEC42F1CA9AE1 /* ActivityFeedView.swift */ = {isa = PBXFileReference; includeInIndex = 1; lastKnownFileType = sourcecode.swift; path = ActivityFeedView.swift; sourceTree = "<group>"; };
		F28514E6E10424D2C60C8873 /* CloudKitSchemaSeeder.swift */ = {isa = PBXFileReference; includeInIndex = 1; lastKnownFileType = sourcecode.swift; path = CloudKitSchemaSeeder.swift; sourceTree = "<group>"; };
		F28514E7E10424D2C60C8873 /* CloudKitSchema.swift */ = {isa = PBXFileReference; includeInIndex = 1; lastKnownFileType = sourcecode.swift; path = CloudKitSchema.swift; sourceTree = "<group>"; };
		F28514E8E10424D2C60C8873 /* CloudKitSchemaHealthChecker.swift */ = {isa = PBXFileReference; includeInIndex = 1; lastKnownFileType = sourcecode.swift; path = CloudKitSchemaHealthChecker.swift; sourceTree = "<group>"; };
/* End PBXFileReference section */

/* Begin PBXFrameworksBuildPhase section */
		A60000010000000000000001 /* Frameworks */ = {
			isa = PBXFrameworksBuildPhase;
			buildActionMask = 2147483647;
			files = (
			);
			runOnlyForDeploymentPostprocessing = 0;
		};
		A60000010000000000000002 /* Frameworks */ = {
			isa = PBXFrameworksBuildPhase;
			buildActionMask = 2147483647;
			files = (
			);
			runOnlyForDeploymentPostprocessing = 0;
		};
		D60000010000000000000001 /* Frameworks */ = {
			isa = PBXFrameworksBuildPhase;
			buildActionMask = 2147483647;
			files = (
			);
			runOnlyForDeploymentPostprocessing = 0;
		};
		EB1A88684EB826A299ECFE8A /* Frameworks */ = {
			isa = PBXFrameworksBuildPhase;
			buildActionMask = 2147483647;
			files = (
				58C6274C9DD58EBDFC00DD56 /* Foundation.framework in Frameworks */,
				6023FF49F2203A380675F04A /* SwiftUI.framework in Frameworks */,
				C285D7C82E780E2D147DA18C /* WidgetKit.framework in Frameworks */,
			);
			runOnlyForDeploymentPostprocessing = 0;
		};
/* End PBXFrameworksBuildPhase section */

/* Begin PBXGroup section */
		35B716FB4C24D7259FB4AA7B /* iOS */ = {
			isa = PBXGroup;
			children = (
				89E0183259A65059B4694547 /* Foundation.framework */,
			);
			name = iOS;
			sourceTree = "<group>";
		};
		4426554467E9FF9375ADAE81 /* Shared */ = {
			isa = PBXGroup;
			children = (
			);
			path = Shared;
			sourceTree = "<group>";
		};
		4D86281F7D379AFDAF2E5AC9 /* WorstAdviceWidget */ = {
			isa = PBXGroup;
			children = (
				483627CFD355C31E4D420824 /* WorstAdviceWidgetBundle.swift */,
				2852BC2A6024C1FC29AAFEB6 /* WorstAdviceQuoteWidget.swift */,
				BL0000020000000000000001 /* BadviceLockScreenWidget.swift */,
				9B277FB52F8C9E7100ADCE99 /* BadviceStreakActivityWidget.swift */,
			);
			name = WorstAdviceWidget;
			sourceTree = SOURCE_ROOT;
		};
		4DFCC2CCE6620FDC004C0C05 /* CloudKit */ = {
			isa = PBXGroup;
			children = (
				F28514E7E10424D2C60C8873 /* CloudKitSchema.swift */,
				F28514E8E10424D2C60C8873 /* CloudKitSchemaHealthChecker.swift */,
				F28514E6E10424D2C60C8873 /* CloudKitSchemaSeeder.swift */,
			);
			path = CloudKit;
			sourceTree = "<group>";
		};
		63F07643C4497560E69F37C8 /* Frameworks */ = {
			isa = PBXGroup;
			children = (
				35B716FB4C24D7259FB4AA7B /* iOS */,
				AA4E285DDB5972C81A405FFA /* SwiftUI.framework */,
				E2C35747C3F426FECEBC093F /* WidgetKit.framework */,
			);
			name = Frameworks;
			sourceTree = "<group>";
		};
		9120E98D4F4737D3C1A5D26A /* Shared */ = {
			isa = PBXGroup;
			children = (
				A2000002000000000000AA03 /* DeviceCapabilityProfile.swift */,
				7CCF16D47C5CD16BA42173EC /* Shared/NetworkMonitor.swift */,
				AF00000000000000000011 /* Badvice/Shared/BadviceStreakActivityAttributes.swift */,
			);
			name = Shared;
			sourceTree = "<group>";
		};
		9B1142D72F56A5E100D664DF /* Recovered References */ = {
			isa = PBXGroup;
			children = (
				A2000002000000000000AA06 /* Badvice/Views/ExploreTabView.swift */,
				A2000002000000000000AA07 /* Badvice/Views/GroupChallengesTabView.swift */,
			);
			name = "Recovered References";
			sourceTree = "<group>";
		};
		A70000010000000000000001 = {
			isa = PBXGroup;
			children = (
				A70000010000000000000002 /* Badvice */,
				A70000010000000000000008 /* WorstAdviceTests */,
				D70000010000000000000001 /* BadviceUITests */,
				A70000010000000000000009 /* Products */,
				63F07643C4497560E69F37C8 /* Frameworks */,
				4D86281F7D379AFDAF2E5AC9 /* WorstAdviceWidget */,
				4426554467E9FF9375ADAE81 /* Shared */,
				BB19BBE9BB80D1CFBE9CB824 /* ShakeDetector.swift */,
				56D0F9A0F33FC44CE7FFD0B9 /* AchievementsView.swift */,
				9B1142D72F56A5E100D664DF /* Recovered References */,
			);
			sourceTree = "<group>";
		};
		A70000010000000000000002 /* Badvice */ = {
			isa = PBXGroup;
			children = (
				A20000010000000000000001 /* WorstAdviceApp.swift */,
				A10000010000000000000029 /* NotificationManager.swift */,
				A20000010000000000000032 /* Shared/SharedDailyQuoteSource.swift */,
				A20000010000000000000035 /* Shared/ImageCache.swift */,
				A2000007000000000000FF01 /* Shared/ShareKit.swift */,
				A70000010000000000000003 /* Models */,
				A70000010000000000000004 /* Data */,
				A70000010000000000000005 /* Engine */,
				A70000010000000000000006 /* State */,
				A70000010000000000000007 /* Views */,
				A70000010000000000000010 /* Resources */,
				A20000010000000000000009 /* Assets.xcassets */,
				9120E98D4F4737D3C1A5D26A /* Shared */,
				4DFCC2CCE6620FDC004C0C05 /* CloudKit */,
				D1E4612D665908B201269873 /* Services */,
			);
			path = Badvice;
			sourceTree = "<group>";
		};
		A70000010000000000000003 /* Models */ = {
			isa = PBXGroup;
			children = (
				A20000010000000000000005 /* AdviceModels.swift */,
				A2000009000000000000AM01 /* GamificationModels.swift */,
				A2000009000000000000AM02 /* AppModels.swift */,
				A20000010000000000000036 /* PersistenceModels.swift */,
			);
			path = Models;
			sourceTree = "<group>";
		};
		A70000010000000000000004 /* Data */ = {
			isa = PBXGroup;
			children = (
				A20000010000000000000006 /* AdviceStore.swift */,
				A200000C000000000000AS01 /* AdviceStoreDefaults.swift */,
				A20000010000000000000034 /* SchemaMigrationManager.swift */,
				A20000010000000000000037 /* AdviceRepository.swift */,
			);
			path = Data;
			sourceTree = "<group>";
		};
		A70000010000000000000005 /* Engine */ = {
			isa = PBXGroup;
			children = (
				A20000010000000000000007 /* AdviceEngine.swift */,
				A20000010000000000000030 /* AdaptiveRanker.swift */,
				A2000002000000000000AA04 /* AdviceEngine+Vocabulary.swift */,
				A2000002000000000000BB01 /* AdviceEngineConstants.swift */,
			);
			path = Engine;
			sourceTree = "<group>";
		};
		A70000010000000000000006 /* State */ = {
			isa = PBXGroup;
			children = (
				A20000010000000000000008 /* AppState.swift */,
				537EABC7909023C6B45AAB4F /* LocalAuth.swift */,
				53A5EDD883F062B6F7D61AF6 /* AppSessionViewModel.swift */,
				A20000010000000000000039 /* FavoritesViewModel.swift */,
				A2000001000000000000003A /* GenerateViewModel.swift */,
				A2000001000000000000003B /* HistoryViewModel.swift */,
				A2000001000000000000003C /* QuotesViewModel.swift */,
				A2000001000000000000003F /* SettingsViewModel.swift */,
				A70000010000000000000011 /* Social */,
			);
			path = State;
			sourceTree = "<group>";
		};
		A70000010000000000000007 /* Views */ = {
			isa = PBXGroup;
			children = (
				A20000010000000000000002 /* ContentView.swift */,
				A20000010000000000000031 /* ChaosHubView.swift */,
				A20000010000000000000003 /* AdviceCardView.swift */,
				A20000010000000000000004 /* IntensityIndicator.swift */,
				A20000010000000000000020 /* Theme.swift */,
				A20000010000000000000040 /* ThemeViews.swift */,
				A20000010000000000000021 /* HapticsManager.swift */,
				A20000010000000000000022 /* FloatingParticlesView.swift */,
				A20000010000000000000023 /* InterstitialMessages.swift */,
				A200000A0000000000AA10 /* SocialHealthDiagnosticsView.swift */,
				A200000A0000000000AA11 /* SuggestionLabView.swift */,
				A200000A0000000000AA12 /* QuoteSuggestionLabView.swift */,
				A200000A0000000000AA13 /* CommunityPulseView.swift */,
				A200000A0000000000AA14 /* UpgradeStoreView.swift */,
				A200000A0000000000AA15 /* InviteFriendsView.swift */,
				A200000A0000000000AA16 /* OfflinePacksView.swift */,
				A20000010000000000000024 /* OnboardingView.swift */,
				A20000010000000000000025 /* StatsView.swift */,
				A2000006000000000000EE01 /* FavoritesTabView.swift */,
				A2000006000000000000EE02 /* QuotesTabView.swift */,
				A2000006000000000000EE03 /* FriendsTabView.swift */,
				A2000006000000000000EE04 /* HistoryTabView.swift */,
				A20000010000000000000026 /* OnboardingFlow.swift */,
				A20000010000000000000027 /* ConfettiView.swift */,
				A10000010000000000000028 /* SplashView.swift */,
				A2000002000000000000AA01 /* GenerateTabView.swift */,
				A2000005000000000000DD01 /* GenerateBrandMenuView.swift */,
				A2000002000000000000AA02 /* ToastView.swift */,
				A2000002000000000000AA05 /* AdviceBracketView.swift */,
				88A8B7BA7C96143E7039C52E /* LocalAuthGateView.swift */,
				6C98EE3071240A963E2CD94B /* SocialProfileSetupView.swift */,
				EB9F9488A0CBEC42F1CA9AE1 /* ActivityFeedView.swift */,
				08A34A9F8EA5EE91F06CC01C /* CollabAdviceView.swift */,
				1E273C3DA489ED7E3D5D44E0 /* GlobalCommunityFeedView.swift */,
				2BCEE47F69102E4E4FAC043F /* SuggestionPipelineView.swift */,
				A2000002000000000000AA08 /* ErrorBoundaryView.swift */,
			);
			path = Views;
			sourceTree = "<group>";
		};
		A70000010000000000000008 /* WorstAdviceTests */ = {
			isa = PBXGroup;
			children = (
				A20000010000000000000011 /* AdviceEngineTests.swift */,
				B3000003000000000000SR02 /* SocialRegressionTests.swift */,
				A2000003000000000000BB01 /* LocalAccountStoreTests.swift */,
				A2000003000000000000BB02 /* AppSessionSmokeTests.swift */,
				A2000003000000000000BB03 /* SocialViewModelTests.swift */,
				A2000003000000000000BB04 /* SettingsViewModelTests.swift */,
				A2000003000000000000BB05 /* SuggestionViewModelTests.swift */,
				B2000003000000000000CB01 /* CloudKitSchemaTests.swift */,
			);
			path = WorstAdviceTests;
			sourceTree = "<group>";
		};
		A70000010000000000000009 /* Products */ = {
			isa = PBXGroup;
			children = (
				A20000010000000000000012 /* Badvice.app */,
				A20000010000000000000013 /* BadviceTests.xctest */,
				D20000010000000000000002 /* BadviceUITests.xctest */,
				0ED4144827DD3BE9366FEAA6 /* BadviceWidget.appex */,
			);
			name = Products;
			sourceTree = "<group>";
		};
		A70000010000000000000010 /* Resources */ = {
			isa = PBXGroup;
			children = (
				A20000010000000000000010 /* AdviceCorpus.json */,
				A20000010000000000000099 /* PrivacyInfo.xcprivacy */,
			);
			path = Resources;
			sourceTree = "<group>";
		};
		A70000010000000000000011 /* Social */ = {
			isa = PBXGroup;
			children = (
				A2000001000000000000003D /* Badvice/State/Social/SocialModels.swift */,
				A2000001000000000000003E /* Badvice/State/Social/SocialViewModel.swift */,
				A2000008000000000000CK01 /* Badvice/State/Social/CloudKitStore.swift */,
			);
			path = Social;
			sourceTree = "<group>";
		};
		D1E4612D665908B201269873 /* Services */ = {
			isa = PBXGroup;
			children = (
				A20000010000000000000038 /* AppleOnDeviceBridge.swift */,
				A200000B000000000000LM01 /* LocalModelStore.swift */,
				1C250B6FD91B852804C06C42 /* StoreKitManager.swift */,
				2BAD1019A3BB68796107B331 /* SpotlightManager.swift */,
				8E133D8AC6C6A815D53FD37F /* ReferralManager.swift */,
				2F152C81A6A99BC970CEE6C3 /* OfflinePackCache.swift */,
				86C0C112D36AF44AC7271B25 /* LiveActivityManager.swift */,
				85AA50D7506E97110B20E16F /* AnimatedShareExporter.swift */,
			);
			path = Services;
			sourceTree = "<group>";
		};
		D70000010000000000000001 /* BadviceUITests */ = {
			isa = PBXGroup;
			children = (
				D20000010000000000000001 /* BadviceUITests.swift */,
				D20000020000000000000001 /* BadviceFullSmokeTests.swift */,
				D20000030000000000000001 /* BadvicePolishedSmokeTests.swift */,
				D20000040000000000000001 /* BadviceSocialDiagnosticsSmokeTests.swift */,
				D20000050000000000000001 /* BadviceShippingReadinessTests.swift */,
			);
			path = BadviceUITests;
			sourceTree = "<group>";
		};
/* End PBXGroup section */

/* Begin PBXNativeTarget section */
		520AF678E5FABB1F9BBFB4CB /* BadviceWidget */ = {
			isa = PBXNativeTarget;
			buildConfigurationList = 0EF652FF3ADC5BB8A25E62F3 /* Build configuration list for PBXNativeTarget "BadviceWidget" */;
			buildPhases = (
				E18EBD1CABCE4DC2E8B9ED5D /* Sources */,
				EB1A88684EB826A299ECFE8A /* Frameworks */,
				7AD3D4C917AC15DC5D32884E /* Resources */,
			);
			buildRules = (
			);
			dependencies = (
			);
			name = BadviceWidget;
			productName = WorstAdviceWidget;
			productReference = 0ED4144827DD3BE9366FEAA6 /* BadviceWidget.appex */;
			productType = "com.apple.product-type.app-extension";
		};
		A40000010000000000000001 /* Badvice */ = {
			isa = PBXNativeTarget;
			buildConfigurationList = A80000010000000000000003 /* Build configuration list for PBXNativeTarget "Badvice" */;
			buildPhases = (
				A90000010000000000000001 /* Sources */,
				A60000010000000000000001 /* Frameworks */,
				AA0000010000000000000001 /* Resources */,
				A2804759C89612E04790A6CF /* Embed Foundation Extensions */,
			);
			buildRules = (
			);
			dependencies = (
				25262E22BFC735B3AE191EBF /* PBXTargetDependency */,
			);
			name = Badvice;
			productName = WorstAdvice;
			productReference = A20000010000000000000012 /* Badvice.app */;
			productType = "com.apple.product-type.application";
		};
		A40000010000000000000002 /* BadviceTests */ = {
			isa = PBXNativeTarget;
			buildConfigurationList = A80000010000000000000006 /* Build configuration list for PBXNativeTarget "BadviceTests" */;
			buildPhases = (
				A90000010000000000000002 /* Sources */,
				A60000010000000000000002 /* Frameworks */,
			);
			buildRules = (
			);
			dependencies = (
				AB0000010000000000000001 /* PBXTargetDependency */,
			);
			name = BadviceTests;
			productName = WorstAdviceTests;
			productReference = A20000010000000000000013 /* BadviceTests.xctest */;
			productType = "com.apple.product-type.bundle.unit-test";
		};
		D40000010000000000000001 /* BadviceUITests */ = {
			isa = PBXNativeTarget;
			buildConfigurationList = D80000010000000000000001 /* Build configuration list for PBXNativeTarget "BadviceUITests" */;
			buildPhases = (
				D90000010000000000000001 /* Sources */,
				D60000010000000000000001 /* Frameworks */,
			);
			buildRules = (
			);
			dependencies = (
				DB0000010000000000000001 /* PBXTargetDependency */,
			);
			name = BadviceUITests;
			productName = BadviceUITests;
			productReference = D20000010000000000000002 /* BadviceUITests.xctest */;
			productType = "com.apple.product-type.bundle.ui-testing";
		};
/* End PBXNativeTarget section */

/* Begin PBXProject section */
		A50000010000000000000001 /* Project object */ = {
			isa = PBXProject;
			attributes = {
				BuildIndependentTargetsInParallel = 1;
				LastSwiftUpdateCheck = 1540;
				LastUpgradeCheck = 2630;
				TargetAttributes = {
					A40000010000000000000001 = {
						CreatedOnToolsVersion = 15.4;
					};
					A40000010000000000000002 = {
						CreatedOnToolsVersion = 15.4;
						TestTargetID = A40000010000000000000001;
					};
					D40000010000000000000001 = {
						CreatedOnToolsVersion = 15.4;
						TestTargetID = A40000010000000000000001;
					};
				};
			};
			buildConfigurationList = A80000010000000000000001 /* Build configuration list for PBXProject "Badvice" */;
			compatibilityVersion = "Xcode 14.0";
			developmentRegion = en;
			hasScannedForEncodings = 0;
			knownRegions = (
				en,
				Base,
			);
			mainGroup = A70000010000000000000001;
			productRefGroup = A70000010000000000000009 /* Products */;
			projectDirPath = "";
			projectRoot = "";
			targets = (
				A40000010000000000000001 /* Badvice */,
				A40000010000000000000002 /* BadviceTests */,
				D40000010000000000000001 /* BadviceUITests */,
				520AF678E5FABB1F9BBFB4CB /* BadviceWidget */,
			);
		};
/* End PBXProject section */

/* Begin PBXResourcesBuildPhase section */
		7AD3D4C917AC15DC5D32884E /* Resources */ = {
			isa = PBXResourcesBuildPhase;
			buildActionMask = 2147483647;
			files = (
			);
			runOnlyForDeploymentPostprocessing = 0;
		};
		AA0000010000000000000001 /* Resources */ = {
			isa = PBXResourcesBuildPhase;
			buildActionMask = 2147483647;
			files = (
				A10000010000000000000009 /* Assets.xcassets in Resources */,
				A10000010000000000000010 /* AdviceCorpus.json in Resources */,
				A10000010000000000000099 /* PrivacyInfo.xcprivacy in Resources */,
			);
			runOnlyForDeploymentPostprocessing = 0;
		};
/* End PBXResourcesBuildPhase section */

/* Begin PBXSourcesBuildPhase section */
		A90000010000000000000001 /* Sources */ = {
			isa = PBXSourcesBuildPhase;
			buildActionMask = 2147483647;
			files = (
				A10000010000000000000001 /* WorstAdviceApp.swift in Sources */,
				A20000010000000000000029 /* NotificationManager.swift in Sources */,
				A10000010000000000000032 /* Shared/SharedDailyQuoteSource.swift in Sources */,
				A10000010000000000000002 /* ContentView.swift in Sources */,
				A10000010000000000000003 /* AdviceCardView.swift in Sources */,
				A10000010000000000000004 /* IntensityIndicator.swift in Sources */,
				A10000010000000000000005 /* AdviceModels.swift in Sources */,
				A1000009000000000000AM01 /* GamificationModels.swift in Sources */,
				A1000009000000000000AM02 /* AppModels.swift in Sources */,
				AF00000000000000000010 /* BadviceStreakActivityAttributes.swift in Sources */,
				A10000010000000000000006 /* AdviceStore.swift in Sources */,
				A100000C000000000000AS01 /* AdviceStoreDefaults.swift in Sources */,
				A10000010000000000000007 /* AdviceEngine.swift in Sources */,
				A10000010000000000000008 /* AppState.swift in Sources */,
				A10000010000000000000020 /* Theme.swift in Sources */,
				A10000010000000000000040 /* ThemeViews.swift in Sources */,
				A10000010000000000000021 /* HapticsManager.swift in Sources */,
				A10000010000000000000022 /* FloatingParticlesView.swift in Sources */,
				A10000010000000000000023 /* InterstitialMessages.swift in Sources */,
				A100000A0000000000AA10 /* SocialHealthDiagnosticsView.swift in Sources */,
				A100000A0000000000AA11 /* SuggestionLabView.swift in Sources */,
				A100000A0000000000AA12 /* QuoteSuggestionLabView.swift in Sources */,
				A100000A0000000000AA13 /* CommunityPulseView.swift in Sources */,
				A100000A0000000000AA14 /* UpgradeStoreView.swift in Sources */,
				A100000A0000000000AA15 /* InviteFriendsView.swift in Sources */,
				A100000A0000000000AA16 /* OfflinePacksView.swift in Sources */,
				A10000010000000000000024 /* OnboardingView.swift in Sources */,
				A10000010000000000000025 /* StatsView.swift in Sources */,
				A1000006000000000000EE01 /* FavoritesTabView.swift in Sources */,
				A1000006000000000000EE02 /* QuotesTabView.swift in Sources */,
				A1000006000000000000EE03 /* FriendsTabView.swift in Sources */,
				A1000006000000000000EE04 /* HistoryTabView.swift in Sources */,
				A10000010000000000000026 /* OnboardingFlow.swift in Sources */,
				A10000010000000000000027 /* ConfettiView.swift in Sources */,
				A10000010000000000000030 /* AdaptiveRanker.swift in Sources */,
				A10000010000000000000031 /* ChaosHubView.swift in Sources */,
				A20000010000000000000028 /* SplashView.swift in Sources */,
				A1000002000000000000AA01 /* GenerateTabView.swift in Sources */,
				A1000005000000000000DD01 /* GenerateBrandMenuView.swift in Sources */,
				A1000002000000000000AA02 /* ToastView.swift in Sources */,
				A1000002000000000000AA03 /* DeviceCapabilityProfile.swift in Sources */,
				A1000002000000000000AA04 /* AdviceEngine+Vocabulary.swift in Sources */,
				A1000002000000000000BB01 /* AdviceEngineConstants.swift in Sources */,
				C82E5EADB60BABE95E14B274 /* ShakeDetector.swift in Sources */,
				A970A1DC8B4EEEDDF0DEC44A /* AchievementsView.swift in Sources */,
				A1000002000000000000AA05 /* AdviceBracketView.swift in Sources */,
				A1000002000000000000AA06 /* Badvice/Views/ExploreTabView.swift in Sources */,
				A1000002000000000000AA07 /* Badvice/Views/GroupChallengesTabView.swift in Sources */,
				A1000002000000000000AA08 /* ErrorBoundaryView.swift in Sources */,
				CC7C2D8BC35FCFF69C567086 /* LocalAuth.swift in Sources */,
				99BADEF42679E9E97A271378 /* AppSessionViewModel.swift in Sources */,
				5F9DAB6EFBFED341DF9CF1FD /* LocalAuthGateView.swift in Sources */,
				91B7F33494FBDFF47FC04141 /* SocialProfileSetupView.swift in Sources */,
				52AD82A7DA1A7B7DA9223525 /* CloudKitSchema.swift in Sources */,
				52AD82A8DA1A7B7DA9223525 /* CloudKitSchemaHealthChecker.swift in Sources */,
				52AD82A6DA1A7B7DA9223525 /* CloudKitSchemaSeeder.swift in Sources */,
				2BF026CE4629AB5BD5E11B23 /* StoreKitManager.swift in Sources */,
				752D7962F4B643C07ADACB3E /* SpotlightManager.swift in Sources */,
				81ACEF51ED3C6767E14E7F18 /* ReferralManager.swift in Sources */,
				849CE4DFFEEE89521945A41D /* OfflinePackCache.swift in Sources */,
				71EB77B62B215677E29E8766 /* LiveActivityManager.swift in Sources */,
				A10000010000000000000034 /* SchemaMigrationManager.swift in Sources */,
				A10000010000000000000035 /* Shared/ImageCache.swift in Sources */,
				A1000007000000000000FF01 /* Shared/ShareKit.swift in Sources */,
				A10000010000000000000036 /* PersistenceModels.swift in Sources */,
				A10000010000000000000037 /* AdviceRepository.swift in Sources */,
				A10000010000000000000038 /* AppleOnDeviceBridge.swift in Sources */,
				A100000B000000000000LM01 /* LocalModelStore.swift in Sources */,
				A10000010000000000000039 /* FavoritesViewModel.swift in Sources */,
				A1000001000000000000003A /* GenerateViewModel.swift in Sources */,
				A1000001000000000000003B /* HistoryViewModel.swift in Sources */,
				A1000001000000000000003C /* QuotesViewModel.swift in Sources */,
				A1000001000000000000003D /* Badvice/State/Social/SocialModels.swift in Sources */,
				A1000001000000000000003E /* Badvice/State/Social/SocialViewModel.swift in Sources */,
				A1000008000000000000CK01 /* Badvice/State/Social/CloudKitStore.swift in Sources */,
				A1000001000000000000003F /* SettingsViewModel.swift in Sources */,
				129755B3D83C574263AD6020 /* AnimatedShareExporter.swift in Sources */,
				79C4823DAEA721464DE6DB9F /* ActivityFeedView.swift in Sources */,
				526DBFC76B337832997A73F3 /* CollabAdviceView.swift in Sources */,
				8FBB37C624DF5072622F2BA2 /* GlobalCommunityFeedView.swift in Sources */,
				973C67C703EAAFA8D5C94C4D /* SuggestionPipelineView.swift in Sources */,
				F583507E5A045C5780BC1B36 /* Shared/NetworkMonitor.swift in Sources */,
			);
			runOnlyForDeploymentPostprocessing = 0;
		};
		A90000010000000000000002 /* Sources */ = {
			isa = PBXSourcesBuildPhase;
			buildActionMask = 2147483647;
			files = (
				A10000010000000000000011 /* AdviceEngineTests.swift in Sources */,
				A1000003000000000000BB01 /* LocalAccountStoreTests.swift in Sources */,
				A1000003000000000000BB02 /* AppSessionSmokeTests.swift in Sources */,
				A1000003000000000000BB03 /* SocialViewModelTests.swift in Sources */,
				A1000003000000000000BB04 /* SettingsViewModelTests.swift in Sources */,
				A1000003000000000000BB05 /* SuggestionViewModelTests.swift in Sources */,
				B2000003000000000000CB02 /* CloudKitSchemaTests.swift in Sources */,
				B3000003000000000000SR01 /* SocialRegressionTests.swift in Sources */,
			);
			runOnlyForDeploymentPostprocessing = 0;
		};
		D90000010000000000000001 /* Sources */ = {
			isa = PBXSourcesBuildPhase;
			buildActionMask = 2147483647;
			files = (
				D10000010000000000000001 /* BadviceUITests.swift in Sources */,
				D10000020000000000000001 /* BadviceFullSmokeTests.swift in Sources */,
				D10000030000000000000001 /* BadvicePolishedSmokeTests.swift in Sources */,
				D10000040000000000000001 /* BadviceSocialDiagnosticsSmokeTests.swift in Sources */,
				D10000050000000000000001 /* BadviceShippingReadinessTests.swift in Sources */,
			);
			runOnlyForDeploymentPostprocessing = 0;
		};
		E18EBD1CABCE4DC2E8B9ED5D /* Sources */ = {
			isa = PBXSourcesBuildPhase;
			buildActionMask = 2147483647;
			files = (
				B07D78E07800DE9F6C60ABAF /* WorstAdviceWidgetBundle.swift in Sources */,
				9B277FB62F8C9E7100ADCE99 /* BadviceStreakActivityWidget.swift in Sources */,
				F67E4DFCBEDF98A26BE99151 /* WorstAdviceQuoteWidget.swift in Sources */,
				A10000010000000000000033 /* Shared/SharedDailyQuoteSource.swift in Sources */,
				BL0000010000000000000001 /* BadviceLockScreenWidget.swift in Sources */,
			);
			runOnlyForDeploymentPostprocessing = 0;
		};
/* End PBXSourcesBuildPhase section */

/* Begin PBXTargetDependency section */
		25262E22BFC735B3AE191EBF /* PBXTargetDependency */ = {
			isa = PBXTargetDependency;
			name = WorstAdviceWidget;
			target = 520AF678E5FABB1F9BBFB4CB /* BadviceWidget */;
			targetProxy = A1EB4F08F7AC67C9F5C8D237 /* PBXContainerItemProxy */;
		};
		AB0000010000000000000001 /* PBXTargetDependency */ = {
			isa = PBXTargetDependency;
			target = A40000010000000000000001 /* Badvice */;
			targetProxy = A30000010000000000000001 /* PBXContainerItemProxy */;
		};
		DB0000010000000000000001 /* PBXTargetDependency */ = {
			isa = PBXTargetDependency;
			target = A40000010000000000000001 /* Badvice */;
			targetProxy = D30000010000000000000001 /* PBXContainerItemProxy */;
		};
/* End PBXTargetDependency section */

/* Begin XCBuildConfiguration section */
		98866C50D9A71FC6E350C266 /* Debug */ = {
			isa = XCBuildConfiguration;
			buildSettings = {
				APPLICATION_EXTENSION_API_ONLY = YES;
				CLANG_ENABLE_OBJC_WEAK = NO;
				CURRENT_PROJECT_VERSION = 2026022501;
				GENERATE_INFOPLIST_FILE = NO;
				INFOPLIST_FILE = WorstAdviceWidget/Info.plist;
				IPHONEOS_DEPLOYMENT_TARGET = 18.6;
				LD_RUNPATH_SEARCH_PATHS = (
					"$(inherited)",
					"@executable_path/Frameworks",
					"@executable_path/../../Frameworks",
				);
				MARKETING_VERSION = 6.3;
				PRODUCT_BUNDLE_IDENTIFIER = com.worstadvice.app.widget;
				PRODUCT_NAME = "$(TARGET_NAME)";
				SKIP_INSTALL = YES;
				SUPPORTED_PLATFORMS = "iphonesimulator iphoneos";
				SWIFT_VERSION = 5.0;
				TARGETED_DEVICE_FAMILY = 1;
			};
			name = Debug;
		};
		A2B8F6D2DF3947F5D20FFFCC /* Release */ = {
			isa = XCBuildConfiguration;
			buildSettings = {
				APPLICATION_EXTENSION_API_ONLY = YES;
				CLANG_ENABLE_OBJC_WEAK = NO;
				CURRENT_PROJECT_VERSION = 2026022501;
				GENERATE_INFOPLIST_FILE = NO;
				INFOPLIST_FILE = WorstAdviceWidget/Info.plist;
				IPHONEOS_DEPLOYMENT_TARGET = 18.6;
				LD_RUNPATH_SEARCH_PATHS = (
					"$(inherited)",
					"@executable_path/Frameworks",
					"@executable_path/../../Frameworks",
				);
				MARKETING_VERSION = 6.3;
				PRODUCT_BUNDLE_IDENTIFIER = com.worstadvice.app.widget;
				PRODUCT_NAME = "$(TARGET_NAME)";
				SKIP_INSTALL = YES;
				SUPPORTED_PLATFORMS = "iphonesimulator iphoneos";
				SWIFT_VERSION = 5.0;
				TARGETED_DEVICE_FAMILY = 1;
				VALIDATE_PRODUCT = YES;
			};
			name = Release;
		};
		AC0000010000000000000001 /* Debug */ = {
			isa = XCBuildConfiguration;
			buildSettings = {
				ALWAYS_SEARCH_USER_PATHS = NO;
				ASSETCATALOG_COMPILER_GENERATE_SWIFT_ASSET_SYMBOL_EXTENSIONS = YES;
				CLANG_ANALYZER_NONNULL = YES;
				CLANG_ANALYZER_NUMBER_OBJECT_CONVERSION = YES_AGGRESSIVE;
				CLANG_CXX_LANGUAGE_STANDARD = "gnu++20";
				CLANG_ENABLE_MODULES = YES;
				CLANG_ENABLE_OBJC_ARC = YES;
				CLANG_ENABLE_OBJC_WEAK = YES;
				CLANG_WARN_BLOCK_CAPTURE_AUTORELEASING = YES;
				CLANG_WARN_BOOL_CONVERSION = YES;
				CLANG_WARN_COMMA = YES;
				CLANG_WARN_CONSTANT_CONVERSION = YES;
				CLANG_WARN_DEPRECATED_OBJC_IMPLEMENTATIONS = YES;
				CLANG_WARN_DIRECT_OBJC_ISA_USAGE = YES_ERROR;
				CLANG_WARN_DOCUMENTATION_COMMENTS = YES;
				CLANG_WARN_EMPTY_BODY = YES;
				CLANG_WARN_ENUM_CONVERSION = YES;
				CLANG_WARN_INFINITE_RECURSION = YES;
				CLANG_WARN_INT_CONVERSION = YES;
				CLANG_WARN_NON_LITERAL_NULL_CONVERSION = YES;
				CLANG_WARN_OBJC_IMPLICIT_RETAIN_SELF = YES;
				CLANG_WARN_OBJC_LITERAL_CONVERSION = YES;
				CLANG_WARN_OBJC_ROOT_CLASS = YES_ERROR;
				CLANG_WARN_QUOTED_INCLUDE_IN_FRAMEWORK_HEADER = YES;
				CLANG_WARN_RANGE_LOOP_ANALYSIS = YES;
				CLANG_WARN_STRICT_PROTOTYPES = YES;
				CLANG_WARN_SUSPICIOUS_MOVE = YES;
				CLANG_WARN_UNGUARDED_AVAILABILITY = YES_AGGRESSIVE;
				CLANG_WARN_UNREACHABLE_CODE = YES;
				CLANG_WARN__DUPLICATE_METHOD_MATCH = YES;
				COPY_PHASE_STRIP = NO;
				DEBUG_INFORMATION_FORMAT = dwarf;
				DEVELOPMENT_TEAM = FW6FWBCF5U;
				ENABLE_STRICT_OBJC_MSGSEND = YES;
				ENABLE_TESTABILITY = YES;
				ENABLE_USER_SCRIPT_SANDBOXING = YES;
				GCC_C_LANGUAGE_STANDARD = gnu17;
				GCC_DYNAMIC_NO_PIC = NO;
				GCC_NO_COMMON_BLOCKS = YES;
				GCC_OPTIMIZATION_LEVEL = 0;
				GCC_PREPROCESSOR_DEFINITIONS = (
					"DEBUG=1",
					"$(inherited)",
				);
				GCC_WARN_64_TO_32_BIT_CONVERSION = YES;
				GCC_WARN_ABOUT_RETURN_TYPE = YES_ERROR;
				GCC_WARN_UNDECLARED_SELECTOR = YES;
				GCC_WARN_UNINITIALIZED_AUTOS = YES_AGGRESSIVE;
				GCC_WARN_UNUSED_FUNCTION = YES;
				GCC_WARN_UNUSED_VARIABLE = YES;
				IPHONEOS_DEPLOYMENT_TARGET = 17.0;
				MTL_ENABLE_DEBUG_INFO = INCLUDE_SOURCE;
				MTL_FAST_MATH = YES;
				ONLY_ACTIVE_ARCH = YES;
				SDKROOT = iphoneos;
				STRING_CATALOG_GENERATE_SYMBOLS = YES;
				SWIFT_ACTIVE_COMPILATION_CONDITIONS = "DEBUG $(inherited)";
				SWIFT_OPTIMIZATION_LEVEL = "-Onone";
			};
			name = Debug;
		};
		AC0000010000000000000002 /* Release */ = {
			isa = XCBuildConfiguration;
			buildSettings = {
				ALWAYS_SEARCH_USER_PATHS = NO;
				ASSETCATALOG_COMPILER_GENERATE_SWIFT_ASSET_SYMBOL_EXTENSIONS = YES;
				CLANG_ANALYZER_NONNULL = YES;
				CLANG_ANALYZER_NUMBER_OBJECT_CONVERSION = YES_AGGRESSIVE;
				CLANG_CXX_LANGUAGE_STANDARD = "gnu++20";
				CLANG_ENABLE_MODULES = YES;
				CLANG_ENABLE_OBJC_ARC = YES;
				CLANG_ENABLE_OBJC_WEAK = YES;
				CLANG_WARN_BLOCK_CAPTURE_AUTORELEASING = YES;
				CLANG_WARN_BOOL_CONVERSION = YES;
				CLANG_WARN_COMMA = YES;
				CLANG_WARN_CONSTANT_CONVERSION = YES;
				CLANG_WARN_DEPRECATED_OBJC_IMPLEMENTATIONS = YES;
				CLANG_WARN_DIRECT_OBJC_ISA_USAGE = YES_ERROR;
				CLANG_WARN_DOCUMENTATION_COMMENTS = YES;
				CLANG_WARN_EMPTY_BODY = YES;
				CLANG_WARN_ENUM_CONVERSION = YES;
				CLANG_WARN_INFINITE_RECURSION = YES;
				CLANG_WARN_INT_CONVERSION = YES;
				CLANG_WARN_NON_LITERAL_NULL_CONVERSION = YES;
				CLANG_WARN_OBJC_IMPLICIT_RETAIN_SELF = YES;
				CLANG_WARN_OBJC_LITERAL_CONVERSION = YES;
				CLANG_WARN_OBJC_ROOT_CLASS = YES_ERROR;
				CLANG_WARN_QUOTED_INCLUDE_IN_FRAMEWORK_HEADER = YES;
				CLANG_WARN_RANGE_LOOP_ANALYSIS = YES;
				CLANG_WARN_STRICT_PROTOTYPES = YES;
				CLANG_WARN_SUSPICIOUS_MOVE = YES;
				CLANG_WARN_UNGUARDED_AVAILABILITY = YES_AGGRESSIVE;
				CLANG_WARN_UNREACHABLE_CODE = YES;
				CLANG_WARN__DUPLICATE_METHOD_MATCH = YES;
				COPY_PHASE_STRIP = NO;
				DEBUG_INFORMATION_FORMAT = "dwarf-with-dsym";
				DEVELOPMENT_TEAM = FW6FWBCF5U;
				ENABLE_NS_ASSERTIONS = NO;
				ENABLE_STRICT_OBJC_MSGSEND = YES;
				ENABLE_USER_SCRIPT_SANDBOXING = YES;
				GCC_C_LANGUAGE_STANDARD = gnu17;
				GCC_NO_COMMON_BLOCKS = YES;
				GCC_WARN_64_TO_32_BIT_CONVERSION = YES;
				GCC_WARN_ABOUT_RETURN_TYPE = YES_ERROR;
				GCC_WARN_UNDECLARED_SELECTOR = YES;
				GCC_WARN_UNINITIALIZED_AUTOS = YES_AGGRESSIVE;
				GCC_WARN_UNUSED_FUNCTION = YES;
				GCC_WARN_UNUSED_VARIABLE = YES;
				IPHONEOS_DEPLOYMENT_TARGET = 17.0;
				MTL_ENABLE_DEBUG_INFO = NO;
				MTL_FAST_MATH = YES;
				SDKROOT = iphoneos;
				STRING_CATALOG_GENERATE_SYMBOLS = YES;
				SWIFT_COMPILATION_MODE = wholemodule;
				VALIDATE_PRODUCT = YES;
			};
			name = Release;
		};
		AC0000010000000000000003 /* Debug */ = {
			isa = XCBuildConfiguration;
			buildSettings = {
				ASSETCATALOG_COMPILER_APPICON_NAME = AppIcon;
				ASSETCATALOG_COMPILER_GLOBAL_ACCENT_COLOR_NAME = AccentColor;
				CODE_SIGN_ENTITLEMENTS = Badvice/Badvice.entitlements;
				CODE_SIGN_STYLE = Automatic;
				CURRENT_PROJECT_VERSION = 2026022501;
				ENABLE_PREVIEWS = YES;
				GENERATE_INFOPLIST_FILE = YES;
				INFOPLIST_KEY_CFBundleDisplayName = Badvice;
				INFOPLIST_KEY_LSApplicationCategoryType = "public.app-category.entertainment";
				INFOPLIST_KEY_UIApplicationSceneManifest_Generation = YES;
				INFOPLIST_KEY_UIApplicationSupportsIndirectInputEvents = YES;
				INFOPLIST_KEY_UILaunchScreen_Generation = YES;
				INFOPLIST_KEY_UISupportedInterfaceOrientations_iPad = "UIInterfaceOrientationPortrait UIInterfaceOrientationPortraitUpsideDown UIInterfaceOrientationLandscapeLeft UIInterfaceOrientationLandscapeRight";
				INFOPLIST_KEY_UISupportedInterfaceOrientations_iPhone = "UIInterfaceOrientationPortrait UIInterfaceOrientationLandscapeLeft UIInterfaceOrientationLandscapeRight";
				IPHONEOS_DEPLOYMENT_TARGET = 18.6;
				LD_RUNPATH_SEARCH_PATHS = (
					"$(inherited)",
					"@executable_path/Frameworks",
				);
				MARKETING_VERSION = 6.3;
				PRODUCT_BUNDLE_IDENTIFIER = com.worstadvice.app;
				PRODUCT_NAME = "$(TARGET_NAME)";
				SUPPORTED_PLATFORMS = "iphonesimulator iphoneos";
				SWIFT_EMIT_LOC_STRINGS = YES;
				SWIFT_VERSION = 5.0;
				TARGETED_DEVICE_FAMILY = "1,2";
			};
			name = Debug;
		};
		AC0000010000000000000004 /* Release */ = {
			isa = XCBuildConfiguration;
			buildSettings = {
				ASSETCATALOG_COMPILER_APPICON_NAME = AppIcon;
				ASSETCATALOG_COMPILER_GLOBAL_ACCENT_COLOR_NAME = AccentColor;
				CODE_SIGN_ENTITLEMENTS = Badvice/Badvice.entitlements;
				CODE_SIGN_STYLE = Automatic;
				CURRENT_PROJECT_VERSION = 2026022501;
				ENABLE_PREVIEWS = YES;
				GENERATE_INFOPLIST_FILE = YES;
				INFOPLIST_KEY_CFBundleDisplayName = Badvice;
				INFOPLIST_KEY_LSApplicationCategoryType = "public.app-category.entertainment";
				INFOPLIST_KEY_UIApplicationSceneManifest_Generation = YES;
				INFOPLIST_KEY_UIApplicationSupportsIndirectInputEvents = YES;
				INFOPLIST_KEY_UILaunchScreen_Generation = YES;
				INFOPLIST_KEY_UISupportedInterfaceOrientations_iPad = "UIInterfaceOrientationPortrait UIInterfaceOrientationPortraitUpsideDown UIInterfaceOrientationLandscapeLeft UIInterfaceOrientationLandscapeRight";
				INFOPLIST_KEY_UISupportedInterfaceOrientations_iPhone = "UIInterfaceOrientationPortrait UIInterfaceOrientationLandscapeLeft UIInterfaceOrientationLandscapeRight";
				IPHONEOS_DEPLOYMENT_TARGET = 18.6;
				LD_RUNPATH_SEARCH_PATHS = (
					"$(inherited)",
					"@executable_path/Frameworks",
				);
				MARKETING_VERSION = 6.3;
				PRODUCT_BUNDLE_IDENTIFIER = com.worstadvice.app;
				PRODUCT_NAME = "$(TARGET_NAME)";
				SUPPORTED_PLATFORMS = "iphonesimulator iphoneos";
				SWIFT_EMIT_LOC_STRINGS = YES;
				SWIFT_VERSION = 5.0;
				TARGETED_DEVICE_FAMILY = "1,2";
			};
			name = Release;
		};
		AC0000010000000000000005 /* Debug */ = {
			isa = XCBuildConfiguration;
			buildSettings = {
				BUNDLE_LOADER = "$(TEST_HOST)";
				CODE_SIGN_STYLE = Automatic;
				CURRENT_PROJECT_VERSION = 1;
				GENERATE_INFOPLIST_FILE = YES;
				IPHONEOS_DEPLOYMENT_TARGET = 18.6;
				MARKETING_VERSION = 1.0.0;
				PRODUCT_BUNDLE_IDENTIFIER = com.worstadvice.tests;
				PRODUCT_NAME = "$(TARGET_NAME)";
				SWIFT_EMIT_LOC_STRINGS = NO;
				SWIFT_VERSION = 5.0;
				TARGETED_DEVICE_FAMILY = "1,2";
				TEST_HOST = "$(BUILT_PRODUCTS_DIR)/Badvice.app/$(BUNDLE_EXECUTABLE_FOLDER_PATH)/Badvice";
			};
			name = Debug;
		};
		AC0000010000000000000006 /* Release */ = {
			isa = XCBuildConfiguration;
			buildSettings = {
				BUNDLE_LOADER = "$(TEST_HOST)";
				CODE_SIGN_STYLE = Automatic;
				CURRENT_PROJECT_VERSION = 1;
				GENERATE_INFOPLIST_FILE = YES;
				IPHONEOS_DEPLOYMENT_TARGET = 18.6;
				MARKETING_VERSION = 1.0.0;
				PRODUCT_BUNDLE_IDENTIFIER = com.worstadvice.tests;
				PRODUCT_NAME = "$(TARGET_NAME)";
				SWIFT_EMIT_LOC_STRINGS = NO;
				SWIFT_VERSION = 5.0;
				TARGETED_DEVICE_FAMILY = "1,2";
				TEST_HOST = "$(BUILT_PRODUCTS_DIR)/Badvice.app/$(BUNDLE_EXECUTABLE_FOLDER_PATH)/Badvice";
			};
			name = Release;
		};
		DC0000010000000000000001 /* Debug */ = {
			isa = XCBuildConfiguration;
			buildSettings = {
				CODE_SIGN_STYLE = Automatic;
				CURRENT_PROJECT_VERSION = 1;
				GENERATE_INFOPLIST_FILE = YES;
				IPHONEOS_DEPLOYMENT_TARGET = 18.6;
				MARKETING_VERSION = 1.0.0;
				PRODUCT_BUNDLE_IDENTIFIER = com.worstadvice.uitests;
				PRODUCT_NAME = "$(TARGET_NAME)";
				SWIFT_EMIT_LOC_STRINGS = NO;
				SWIFT_VERSION = 5.0;
				TARGETED_DEVICE_FAMILY = "1,2";
				TEST_TARGET_NAME = Badvice;
			};
			name = Debug;
		};
		DC0000010000000000000002 /* Release */ = {
			isa = XCBuildConfiguration;
			buildSettings = {
				CODE_SIGN_STYLE = Automatic;
				CURRENT_PROJECT_VERSION = 1;
				GENERATE_INFOPLIST_FILE = YES;
				IPHONEOS_DEPLOYMENT_TARGET = 18.6;
				MARKETING_VERSION = 1.0.0;
				PRODUCT_BUNDLE_IDENTIFIER = com.worstadvice.uitests;
				PRODUCT_NAME = "$(TARGET_NAME)";
				SWIFT_EMIT_LOC_STRINGS = NO;
				SWIFT_VERSION = 5.0;
				TARGETED_DEVICE_FAMILY = "1,2";
				TEST_TARGET_NAME = Badvice;
			};
			name = Release;
		};
/* End XCBuildConfiguration section */

/* Begin XCConfigurationList section */
		0EF652FF3ADC5BB8A25E62F3 /* Build configuration list for PBXNativeTarget "BadviceWidget" */ = {
			isa = XCConfigurationList;
			buildConfigurations = (
				A2B8F6D2DF3947F5D20FFFCC /* Release */,
				98866C50D9A71FC6E350C266 /* Debug */,
			);
			defaultConfigurationIsVisible = 0;
			defaultConfigurationName = Release;
		};
		A80000010000000000000001 /* Build configuration list for PBXProject "Badvice" */ = {
			isa = XCConfigurationList;
			buildConfigurations = (
				AC0000010000000000000001 /* Debug */,
				AC0000010000000000000002 /* Release */,
			);
			defaultConfigurationIsVisible = 0;
			defaultConfigurationName = Release;
		};
		A80000010000000000000003 /* Build configuration list for PBXNativeTarget "Badvice" */ = {
			isa = XCConfigurationList;
			buildConfigurations = (
				AC0000010000000000000003 /* Debug */,
				AC0000010000000000000004 /* Release */,
			);
			defaultConfigurationIsVisible = 0;
			defaultConfigurationName = Release;
		};
		A80000010000000000000006 /* Build configuration list for PBXNativeTarget "BadviceTests" */ = {
			isa = XCConfigurationList;
			buildConfigurations = (
				AC0000010000000000000005 /* Debug */,
				AC0000010000000000000006 /* Release */,
			);
			defaultConfigurationIsVisible = 0;
			defaultConfigurationName = Release;
		};
		D80000010000000000000001 /* Build configuration list for PBXNativeTarget "BadviceUITests" */ = {
			isa = XCConfigurationList;
			buildConfigurations = (
				DC0000010000000000000001 /* Debug */,
				DC0000010000000000000002 /* Release */,
			);
			defaultConfigurationIsVisible = 0;
			defaultConfigurationName = Release;
		};
/* End XCConfigurationList section */
	};
	rootObject = A50000010000000000000001 /* Project object */;
}
